
Microsoft Visual Studio Solution File, Format Version 12.00
# Visual Studio 15
VisualStudioVersion = 15.0.27428.2015
MinimumVisualStudioVersion = 10.0.40219.1
Project("{FAE04EC0-301F-11D3-BF4B-00C04F79EFBC}") = "MidomiRegisterPOMDemo", "MidomiRegisterPOMDemo.csproj", "{7A0EA8E0-597A-4202-856B-66812B43AE1E}"
EndProject
Global
	GlobalSection(SolutionConfigurationPlatforms) = preSolution
		Debug|Any CPU = Debug|Any CPU
		Release|Any CPU = Release|Any CPU
	EndGlobalSection
	GlobalSection(ProjectConfigurationPlatforms) = postSolution
		{7A0EA8E0-597A-4202-856B-66812B43AE1E}.Debug|Any CPU.ActiveCfg = Debug|Any CPU
		{7A0EA8E0-597A-4202-856B-66812B43AE1E}.Debug|Any CPU.Build.0 = Debug|Any CPU
		{7A0EA8E0-597A-4202-856B-66812B43AE1E}.Release|Any CPU.ActiveCfg = Release|Any CPU
		{7A0EA8E0-597A-4202-856B-66812B43AE1E}.Release|Any CPU.Build.0 = Release|Any CPU
	EndGlobalSection
	GlobalSection(SolutionProperties) = preSolution
		HideSolutionNode = FALSE
	EndGlobalSection
	GlobalSection(ExtensibilityGlobals) = postSolution
		SolutionGuid = {B890878F-070E-49AE-BFB5-DD55F489D45E}
	EndGlobalSection
EndGlobal
